
Microsoft Visual Studio Solution File, Format Version 12.00
# Visual Studio Version 17
Project("{8BC9CEB8-8B4A-11D0-8D11-00A0C91BC942}") = "ALL_BUILD", "ALL_BUILD.vcxproj", "{2299B94F-D566-3797-ABF1-56297B51123A}"
	ProjectSection(ProjectDependencies) = postProject
		{CD3BED5A-29B1-34C7-9078-17391C6CF823} = {CD3BED5A-29B1-34C7-9078-17391C6CF823}
		{94A1CA39-AC76-3DF0-B325-00162B147FE7} = {94A1CA39-AC76-3DF0-B325-00162B147FE7}
	EndProjectSection
EndProject
Project("{8BC9CEB8-8B4A-11D0-8D11-00A0C91BC942}") = "INSTALL", "INSTALL.vcxproj", "{DA01DF8A-815A-3DF8-A74E-D773BAC0A43F}"
	ProjectSection(ProjectDependencies) = postProject
		{2299B94F-D566-3797-ABF1-56297B51123A} = {2299B94F-D566-3797-ABF1-56297B51123A}
		{CD3BED5A-29B1-34C7-9078-17391C6CF823} = {CD3BED5A-29B1-34C7-9078-17391C6CF823}
	EndProjectSection
EndProject
Project("{8BC9CEB8-8B4A-11D0-8D11-00A0C91BC942}") = "ZERO_CHECK", "..\\ZERO_CHECK.vcxproj", "{CD3BED5A-29B1-34C7-9078-17391C6CF823}"
	ProjectSection(ProjectDependencies) = postProject
	EndProjectSection
EndProject
Project("{8BC9CEB8-8B4A-11D0-8D11-00A0C91BC942}") = "flutter_assemble", "..\flutter\flutter_assemble.vcxproj", "{96A1B423-B730-30DB-A72D-F3C5A895FA79}"
	ProjectSection(ProjectDependencies) = postProject
		{CD3BED5A-29B1-34C7-9078-17391C6CF823} = {CD3BED5A-29B1-34C7-9078-17391C6CF823}
	EndProjectSection
EndProject
Project("{8BC9CEB8-8B4A-11D0-8D11-00A0C91BC942}") = "flutter_wrapper_app", "..\flutter\flutter_wrapper_app.vcxproj", "{FBFD368A-A8F9-3A4A-9B9F-660986F891B4}"
	ProjectSection(ProjectDependencies) = postProject
		{CD3BED5A-29B1-34C7-9078-17391C6CF823} = {CD3BED5A-29B1-34C7-9078-17391C6CF823}
		{96A1B423-B730-30DB-A72D-F3C5A895FA79} = {96A1B423-B730-30DB-A72D-F3C5A895FA79}
	EndProjectSection
EndProject
Project("{8BC9CEB8-8B4A-11D0-8D11-00A0C91BC942}") = "sentences_tester", "sentences_tester.vcxproj", "{94A1CA39-AC76-3DF0-B325-00162B147FE7}"
	ProjectSection(ProjectDependencies) = postProject
		{CD3BED5A-29B1-34C7-9078-17391C6CF823} = {CD3BED5A-29B1-34C7-9078-17391C6CF823}
		{96A1B423-B730-30DB-A72D-F3C5A895FA79} = {96A1B423-B730-30DB-A72D-F3C5A895FA79}
		{FBFD368A-A8F9-3A4A-9B9F-660986F891B4} = {FBFD368A-A8F9-3A4A-9B9F-660986F891B4}
	EndProjectSection
EndProject
Global
	GlobalSection(SolutionConfigurationPlatforms) = preSolution
		Debug|x64 = Debug|x64
		Profile|x64 = Profile|x64
		Release|x64 = Release|x64
	EndGlobalSection
	GlobalSection(ProjectConfigurationPlatforms) = postSolution
		{2299B94F-D566-3797-ABF1-56297B51123A}.Debug|x64.ActiveCfg = Debug|x64
		{2299B94F-D566-3797-ABF1-56297B51123A}.Debug|x64.Build.0 = Debug|x64
		{2299B94F-D566-3797-ABF1-56297B51123A}.Profile|x64.ActiveCfg = Profile|x64
		{2299B94F-D566-3797-ABF1-56297B51123A}.Profile|x64.Build.0 = Profile|x64
		{2299B94F-D566-3797-ABF1-56297B51123A}.Release|x64.ActiveCfg = Release|x64
		{2299B94F-D566-3797-ABF1-56297B51123A}.Release|x64.Build.0 = Release|x64
		{DA01DF8A-815A-3DF8-A74E-D773BAC0A43F}.Debug|x64.ActiveCfg = Debug|x64
		{DA01DF8A-815A-3DF8-A74E-D773BAC0A43F}.Profile|x64.ActiveCfg = Profile|x64
		{DA01DF8A-815A-3DF8-A74E-D773BAC0A43F}.Release|x64.ActiveCfg = Release|x64
		{CD3BED5A-29B1-34C7-9078-17391C6CF823}.Debug|x64.ActiveCfg = Debug|x64
		{CD3BED5A-29B1-34C7-9078-17391C6CF823}.Debug|x64.Build.0 = Debug|x64
		{CD3BED5A-29B1-34C7-9078-17391C6CF823}.Profile|x64.ActiveCfg = Profile|x64
		{CD3BED5A-29B1-34C7-9078-17391C6CF823}.Profile|x64.Build.0 = Profile|x64
		{CD3BED5A-29B1-34C7-9078-17391C6CF823}.Release|x64.ActiveCfg = Release|x64
		{CD3BED5A-29B1-34C7-9078-17391C6CF823}.Release|x64.Build.0 = Release|x64
		{96A1B423-B730-30DB-A72D-F3C5A895FA79}.Debug|x64.ActiveCfg = Debug|x64
		{96A1B423-B730-30DB-A72D-F3C5A895FA79}.Debug|x64.Build.0 = Debug|x64
		{96A1B423-B730-30DB-A72D-F3C5A895FA79}.Profile|x64.ActiveCfg = Profile|x64
		{96A1B423-B730-30DB-A72D-F3C5A895FA79}.Profile|x64.Build.0 = Profile|x64
		{96A1B423-B730-30DB-A72D-F3C5A895FA79}.Release|x64.ActiveCfg = Release|x64
		{96A1B423-B730-30DB-A72D-F3C5A895FA79}.Release|x64.Build.0 = Release|x64
		{FBFD368A-A8F9-3A4A-9B9F-660986F891B4}.Debug|x64.ActiveCfg = Debug|x64
		{FBFD368A-A8F9-3A4A-9B9F-660986F891B4}.Debug|x64.Build.0 = Debug|x64
		{FBFD368A-A8F9-3A4A-9B9F-660986F891B4}.Profile|x64.ActiveCfg = Profile|x64
		{FBFD368A-A8F9-3A4A-9B9F-660986F891B4}.Profile|x64.Build.0 = Profile|x64
		{FBFD368A-A8F9-3A4A-9B9F-660986F891B4}.Release|x64.ActiveCfg = Release|x64
		{FBFD368A-A8F9-3A4A-9B9F-660986F891B4}.Release|x64.Build.0 = Release|x64
		{94A1CA39-AC76-3DF0-B325-00162B147FE7}.Debug|x64.ActiveCfg = Debug|x64
		{94A1CA39-AC76-3DF0-B325-00162B147FE7}.Debug|x64.Build.0 = Debug|x64
		{94A1CA39-AC76-3DF0-B325-00162B147FE7}.Profile|x64.ActiveCfg = Profile|x64
		{94A1CA39-AC76-3DF0-B325-00162B147FE7}.Profile|x64.Build.0 = Profile|x64
		{94A1CA39-AC76-3DF0-B325-00162B147FE7}.Release|x64.ActiveCfg = Release|x64
		{94A1CA39-AC76-3DF0-B325-00162B147FE7}.Release|x64.Build.0 = Release|x64
	EndGlobalSection
	GlobalSection(ExtensibilityGlobals) = postSolution
		SolutionGuid = {AB1F8704-9DF8-329C-A751-9CE0B93AD547}
	EndGlobalSection
	GlobalSection(ExtensibilityAddIns) = postSolution
	EndGlobalSection
EndGlobal
